// !$*UTF8*$!
{
	archiveVersion = 1;
	classes = {
	};
	objectVersion = 46;
	objects = {

/* Begin PBXBuildFile section */
		0408D5461E3967A100B40209 /* Constants.swift in Sources */ = {isa = PBXBuildFile; fileRef = 0408D5451E3967A100B40209 /* Constants.swift */; };
		0480EA341E357E0900C5D9BD /* AppDelegate.swift in Sources */ = {isa = PBXBuildFile; fileRef = 0480EA331E357E0900C5D9BD /* AppDelegate.swift */; };
		0480EA361E357E0900C5D9BD /* ViewController.swift in Sources */ = {isa = PBXBuildFile; fileRef = 0480EA351E357E0900C5D9BD /* ViewController.swift */; };
		0480EA391E357E0900C5D9BD /* Main.storyboard in Resources */ = {isa = PBXBuildFile; fileRef = 0480EA371E357E0900C5D9BD /* Main.storyboard */; };
		0480EA3B1E357E0900C5D9BD /* Assets.xcassets in Resources */ = {isa = PBXBuildFile; fileRef = 0480EA3A1E357E0900C5D9BD /* Assets.xcassets */; };
		0480EA3E1E357E0900C5D9BD /* LaunchScreen.storyboard in Resources */ = {isa = PBXBuildFile; fileRef = 0480EA3C1E357E0900C5D9BD /* LaunchScreen.storyboard */; };
		0480EA461E357FA400C5D9BD /* pokemon.csv in Resources */ = {isa = PBXBuildFile; fileRef = 0480EA451E357FA400C5D9BD /* pokemon.csv */; };
		0480EA4D1E35806C00C5D9BD /* Pokemon.swift in Sources */ = {isa = PBXBuildFile; fileRef = 0480EA4C1E35806C00C5D9BD /* Pokemon.swift */; };
		0480EA4F1E3585E100C5D9BD /* PokeCell.swift in Sources */ = {isa = PBXBuildFile; fileRef = 0480EA4E1E3585E100C5D9BD /* PokeCell.swift */; };
		0480EA511E363EA200C5D9BD /* csv.swift in Sources */ = {isa = PBXBuildFile; fileRef = 0480EA501E363EA200C5D9BD /* csv.swift */; };
		0480EA541E364D8100C5D9BD /* music-player.png in Resources */ = {isa = PBXBuildFile; fileRef = 0480EA531E364D8100C5D9BD /* music-player.png */; };
		0480EA561E364FDA00C5D9BD /* music.mp3 in Resources */ = {isa = PBXBuildFile; fileRef = 0480EA551E364FDA00C5D9BD /* music.mp3 */; };
		0480EA581E36584900C5D9BD /* CustomSearchBar.swift in Sources */ = {isa = PBXBuildFile; fileRef = 0480EA571E36584900C5D9BD /* CustomSearchBar.swift */; };
		0480EA5A1E3664FA00C5D9BD /* PokemonDetailVC.swift in Sources */ = {isa = PBXBuildFile; fileRef = 0480EA591E3664FA00C5D9BD /* PokemonDetailVC.swift */; };
		0480EA5C1E366D9B00C5D9BD /* back-arrow-circular-symbol.png in Resources */ = {isa = PBXBuildFile; fileRef = 0480EA5B1E366D9B00C5D9BD /* back-arrow-circular-symbol.png */; };
		3C6A03CA7ECFCB4C28EBF5E2 /* Pods_Pokedex.framework in Frameworks */ = {isa = PBXBuildFile; fileRef = BB6A16F1EB233075FBBC270F /* Pods_Pokedex.framework */; };
/* End PBXBuildFile section */

/* Begin PBXFileReference section */
		0408D5451E3967A100B40209 /* Constants.swift */ = {isa = PBXFileReference; fileEncoding = 4; lastKnownFileType = sourcecode.swift; path = Constants.swift; sourceTree = "<group>"; };
		0480EA301E357E0900C5D9BD /* Pokedex.app */ = {isa = PBXFileReference; explicitFileType = wrapper.application; includeInIndex = 0; path = Pokedex.app; sourceTree = BUILT_PRODUCTS_DIR; };
		0480EA331E357E0900C5D9BD /* AppDelegate.swift */ = {isa = PBXFileReference; lastKnownFileType = sourcecode.swift; path = AppDelegate.swift; sourceTree = "<group>"; };
		0480EA351E357E0900C5D9BD /* ViewController.swift */ = {isa = PBXFileReference; lastKnownFileType = sourcecode.swift; path = ViewController.swift; sourceTree = "<group>"; };
		0480EA381E357E0900C5D9BD /* Base */ = {isa = PBXFileReference; lastKnownFileType = file.storyboard; name = Base; path = Base.lproj/Main.storyboard; sourceTree = "<group>"; };
		0480EA3A1E357E0900C5D9BD /* Assets.xcassets */ = {isa = PBXFileReference; lastKnownFileType = folder.assetcatalog; path = Assets.xcassets; sourceTree = "<group>"; };
		0480EA3D1E357E0900C5D9BD /* Base */ = {isa = PBXFileReference; lastKnownFileType = file.storyboard; name = Base; path = Base.lproj/LaunchScreen.storyboard; sourceTree = "<group>"; };
		0480EA3F1E357E0900C5D9BD /* Info.plist */ = {isa = PBXFileReference; lastKnownFileType = text.plist.xml; path = Info.plist; sourceTree = "<group>"; };
		0480EA451E357FA400C5D9BD /* pokemon.csv */ = {isa = PBXFileReference; fileEncoding = 4; lastKnownFileType = text; path = pokemon.csv; sourceTree = "<group>"; };
		0480EA4C1E35806C00C5D9BD /* Pokemon.swift */ = {isa = PBXFileReference; fileEncoding = 4; lastKnownFileType = sourcecode.swift; path = Pokemon.swift; sourceTree = "<group>"; };
		0480EA4E1E3585E100C5D9BD /* PokeCell.swift */ = {isa = PBXFileReference; fileEncoding = 4; lastKnownFileType = sourcecode.swift; path = PokeCell.swift; sourceTree = "<group>"; };
		0480EA501E363EA200C5D9BD /* csv.swift */ = {isa = PBXFileReference; fileEncoding = 4; lastKnownFileType = sourcecode.swift; path = csv.swift; sourceTree = "<group>"; };
		0480EA531E364D8100C5D9BD /* music-player.png */ = {isa = PBXFileReference; lastKnownFileType = image.png; path = "music-player.png"; sourceTree = "<group>"; };
		0480EA551E364FDA00C5D9BD /* music.mp3 */ = {isa = PBXFileReference; lastKnownFileType = audio.mp3; path = music.mp3; sourceTree = "<group>"; };
		0480EA571E36584900C5D9BD /* CustomSearchBar.swift */ = {isa = PBXFileReference; fileEncoding = 4; lastKnownFileType = sourcecode.swift; path = CustomSearchBar.swift; sourceTree = "<group>"; };
		0480EA591E3664FA00C5D9BD /* PokemonDetailVC.swift */ = {isa = PBXFileReference; fileEncoding = 4; lastKnownFileType = sourcecode.swift; path = PokemonDetailVC.swift; sourceTree = "<group>"; };
		0480EA5B1E366D9B00C5D9BD /* back-arrow-circular-symbol.png */ = {isa = PBXFileReference; lastKnownFileType = image.png; path = "back-arrow-circular-symbol.png"; sourceTree = "<group>"; };
		5AA6098364EC815F4491B7DC /* Pods-Pokedex.debug.xcconfig */ = {isa = PBXFileReference; includeInIndex = 1; lastKnownFileType = text.xcconfig; name = "Pods-Pokedex.debug.xcconfig"; path = "Pods/Target Support Files/Pods-Pokedex/Pods-Pokedex.debug.xcconfig"; sourceTree = "<group>"; };
		BB6A16F1EB233075FBBC270F /* Pods_Pokedex.framework */ = {isa = PBXFileReference; explicitFileType = wrapper.framework; includeInIndex = 0; path = Pods_Pokedex.framework; sourceTree = BUILT_PRODUCTS_DIR; };
		F5B61A12D1868322B4749572 /* Pods-Pokedex.release.xcconfig */ = {isa = PBXFileReference; includeInIndex = 1; lastKnownFileType = text.xcconfig; name = "Pods-Pokedex.release.xcconfig"; path = "Pods/Target Support Files/Pods-Pokedex/Pods-Pokedex.release.xcconfig"; sourceTree = "<group>"; };
/* End PBXFileReference section */

/* Begin PBXFrameworksBuildPhase section */
		0480EA2D1E357E0900C5D9BD /* Frameworks */ = {
			isa = PBXFrameworksBuildPhase;
			buildActionMask = 2147483647;
			files = (
				3C6A03CA7ECFCB4C28EBF5E2 /* Pods_Pokedex.framework in Frameworks */,
			);
			runOnlyForDeploymentPostprocessing = 0;
		};
/* End PBXFrameworksBuildPhase section */

/* Begin PBXGroup section */
		0480EA271E357E0900C5D9BD = {
			isa = PBXGroup;
			children = (
				0480EA321E357E0900C5D9BD /* Pokedex */,
				0480EA311E357E0900C5D9BD /* Products */,
				8507DB782539CF2E32EA693A /* Pods */,
				083E0456524D57D24B756FA3 /* Frameworks */,
			);
			sourceTree = "<group>";
		};
		0480EA311E357E0900C5D9BD /* Products */ = {
			isa = PBXGroup;
			children = (
				0480EA301E357E0900C5D9BD /* Pokedex.app */,
			);
			name = Products;
			sourceTree = "<group>";
		};
		0480EA321E357E0900C5D9BD /* Pokedex */ = {
			isa = PBXGroup;
			children = (
				0480EA521E36481100C5D9BD /* Resources */,
				0480EA4A1E35800E00C5D9BD /* Model */,
				0480EA481E35800300C5D9BD /* View */,
				0480EA471E357FFD00C5D9BD /* Controller */,
				0480EA331E357E0900C5D9BD /* AppDelegate.swift */,
				0480EA371E357E0900C5D9BD /* Main.storyboard */,
				0480EA3A1E357E0900C5D9BD /* Assets.xcassets */,
				0480EA5B1E366D9B00C5D9BD /* back-arrow-circular-symbol.png */,
				0480EA531E364D8100C5D9BD /* music-player.png */,
				0480EA3C1E357E0900C5D9BD /* LaunchScreen.storyboard */,
				0480EA551E364FDA00C5D9BD /* music.mp3 */,
				0480EA3F1E357E0900C5D9BD /* Info.plist */,
				0480EA571E36584900C5D9BD /* CustomSearchBar.swift */,
			);
			path = Pokedex;
			sourceTree = "<group>";
		};
		0480EA471E357FFD00C5D9BD /* Controller */ = {
			isa = PBXGroup;
			children = (
				0480EA351E357E0900C5D9BD /* ViewController.swift */,
				0480EA591E3664FA00C5D9BD /* PokemonDetailVC.swift */,
			);
			name = Controller;
			sourceTree = "<group>";
		};
		0480EA481E35800300C5D9BD /* View */ = {
			isa = PBXGroup;
			children = (
				0480EA4E1E3585E100C5D9BD /* PokeCell.swift */,
			);
			name = View;
			sourceTree = "<group>";
		};
		0480EA4A1E35800E00C5D9BD /* Model */ = {
			isa = PBXGroup;
			children = (
				0480EA4C1E35806C00C5D9BD /* Pokemon.swift */,
			);
			name = Model;
			sourceTree = "<group>";
		};
		0480EA521E36481100C5D9BD /* Resources */ = {
			isa = PBXGroup;
			children = (
				0480EA451E357FA400C5D9BD /* pokemon.csv */,
				0480EA501E363EA200C5D9BD /* csv.swift */,
				0408D5451E3967A100B40209 /* Constants.swift */,
			);
			name = Resources;
			sourceTree = "<group>";
		};
		083E0456524D57D24B756FA3 /* Frameworks */ = {
			isa = PBXGroup;
			children = (
				BB6A16F1EB233075FBBC270F /* Pods_Pokedex.framework */,
			);
			name = Frameworks;
			sourceTree = "<group>";
		};
		8507DB782539CF2E32EA693A /* Pods */ = {
			isa = PBXGroup;
			children = (
				5AA6098364EC815F4491B7DC /* Pods-Pokedex.debug.xcconfig */,
				F5B61A12D1868322B4749572 /* Pods-Pokedex.release.xcconfig */,
			);
			name = Pods;
			sourceTree = "<group>";
		};
/* End PBXGroup section */

/* Begin PBXNativeTarget section */
		0480EA2F1E357E0900C5D9BD /* Pokedex */ = {
			isa = PBXNativeTarget;
			buildConfigurationList = 0480EA421E357E0900C5D9BD /* Build configuration list for PBXNativeTarget "Pokedex" */;
			buildPhases = (
				EA14F57B539826E12A36C22B /* [CP] Check Pods Manifest.lock */,
				0480EA2C1E357E0900C5D9BD /* Sources */,
				0480EA2D1E357E0900C5D9BD /* Frameworks */,
				0480EA2E1E357E0900C5D9BD /* Resources */,
				D19DEA66A5B9E8A7722689B8 /* [CP] Embed Pods Frameworks */,
				F53D8F9CA8BFFA053E22C50E /* [CP] Copy Pods Resources */,
			);
			buildRules = (
			);
			dependencies = (
			);
			name = Pokedex;
			productName = Pokedex;
			productReference = 0480EA301E357E0900C5D9BD /* Pokedex.app */;
			productType = "com.apple.product-type.application";
		};
/* End PBXNativeTarget section */

/* Begin PBXProject section */
		0480EA281E357E0900C5D9BD /* Project object */ = {
			isa = PBXProject;
			attributes = {
				LastSwiftUpdateCheck = 0820;
				LastUpgradeCheck = 0820;
				ORGANIZATIONNAME = DevHurricane;
				TargetAttributes = {
					0480EA2F1E357E0900C5D9BD = {
						CreatedOnToolsVersion = 8.2;
						DevelopmentTeam = V9669RC3VN;
						LastSwiftMigration = 0820;
						ProvisioningStyle = Automatic;
					};
				};
			};
			buildConfigurationList = 0480EA2B1E357E0900C5D9BD /* Build configuration list for PBXProject "Pokedex" */;
			compatibilityVersion = "Xcode 3.2";
			developmentRegion = English;
			hasScannedForEncodings = 0;
			knownRegions = (
				en,
				Base,
			);
			mainGroup = 0480EA271E357E0900C5D9BD;
			productRefGroup = 0480EA311E357E0900C5D9BD /* Products */;
			projectDirPath = "";
			projectRoot = "";
			targets = (
				0480EA2F1E357E0900C5D9BD /* Pokedex */,
			);
		};
/* End PBXProject section */

/* Begin PBXResourcesBuildPhase section */
		0480EA2E1E357E0900C5D9BD /* Resources */ = {
			isa = PBXResourcesBuildPhase;
			buildActionMask = 2147483647;
			files = (
				0480EA3E1E357E0900C5D9BD /* LaunchScreen.storyboard in Resources */,
				0480EA3B1E357E0900C5D9BD /* Assets.xcassets in Resources */,
				0480EA5C1E366D9B00C5D9BD /* back-arrow-circular-symbol.png in Resources */,
				0480EA541E364D8100C5D9BD /* music-player.png in Resources */,
				0480EA561E364FDA00C5D9BD /* music.mp3 in Resources */,
				0480EA461E357FA400C5D9BD /* pokemon.csv in Resources */,
				0480EA391E357E0900C5D9BD /* Main.storyboard in Resources */,
			);
			runOnlyForDeploymentPostprocessing = 0;
		};
/* End PBXResourcesBuildPhase section */

/* Begin PBXShellScriptBuildPhase section */
		D19DEA66A5B9E8A7722689B8 /* [CP] Embed Pods Frameworks */ = {
			isa = PBXShellScriptBuildPhase;
			buildActionMask = 2147483647;
			files = (
			);
			inputPaths = (
			);
			name = "[CP] Embed Pods Frameworks";
			outputPaths = (
			);
			runOnlyForDeploymentPostprocessing = 0;
			shellPath = /bin/sh;
			shellScript = "\"${SRCROOT}/Pods/Target Support Files/Pods-Pokedex/Pods-Pokedex-frameworks.sh\"\n";
			showEnvVarsInLog = 0;
		};
		EA14F57B539826E12A36C22B /* [CP] Check Pods Manifest.lock */ = {
			isa = PBXShellScriptBuildPhase;
			buildActionMask = 2147483647;
			files = (
			);
			inputPaths = (
			);
			name = "[CP] Check Pods Manifest.lock";
			outputPaths = (
			);
			runOnlyForDeploymentPostprocessing = 0;
			shellPath = /bin/sh;
			shellScript = "diff \"${PODS_ROOT}/../Podfile.lock\" \"${PODS_ROOT}/Manifest.lock\" > /dev/null\nif [[ $? != 0 ]] ; then\n    cat << EOM\nerror: The sandbox is not in sync with the Podfile.lock. Run 'pod install' or update your CocoaPods installation.\nEOM\n    exit 1\nfi\n";
			showEnvVarsInLog = 0;
		};
		F53D8F9CA8BFFA053E22C50E /* [CP] Copy Pods Resources */ = {
			isa = PBXShellScriptBuildPhase;
			buildActionMask = 2147483647;
			files = (
			);
			inputPaths = (
			);
			name = "[CP] Copy Pods Resources";
			outputPaths = (
			);
			runOnlyForDeploymentPostprocessing = 0;
			shellPath = /bin/sh;
			shellScript = "\"${SRCROOT}/Pods/Target Support Files/Pods-Pokedex/Pods-Pokedex-resources.sh\"\n";
			showEnvVarsInLog = 0;
		};
/* End PBXShellScriptBuildPhase section */

/* Begin PBXSourcesBuildPhase section */
		0480EA2C1E357E0900C5D9BD /* Sources */ = {
			isa = PBXSourcesBuildPhase;
			buildActionMask = 2147483647;
			files = (
				0480EA4F1E3585E100C5D9BD /* PokeCell.swift in Sources */,
				0480EA361E357E0900C5D9BD /* ViewController.swift in Sources */,
				0480EA581E36584900C5D9BD /* CustomSearchBar.swift in Sources */,
				0480EA341E357E0900C5D9BD /* AppDelegate.swift in Sources */,
				0480EA5A1E3664FA00C5D9BD /* PokemonDetailVC.swift in Sources */,
				0480EA4D1E35806C00C5D9BD /* Pokemon.swift in Sources */,
				0480EA511E363EA200C5D9BD /* csv.swift in Sources */,
				0408D5461E3967A100B40209 /* Constants.swift in Sources */,
			);
			runOnlyForDeploymentPostprocessing = 0;
		};
/* End PBXSourcesBuildPhase section */

/* Begin PBXVariantGroup section */
		0480EA371E357E0900C5D9BD /* Main.storyboard */ = {
			isa = PBXVariantGroup;
			children = (
				0480EA381E357E0900C5D9BD /* Base */,
			);
			name = Main.storyboard;
			sourceTree = "<group>";
		};
		0480EA3C1E357E0900C5D9BD /* LaunchScreen.storyboard */ = {
			isa = PBXVariantGroup;
			children = (
				0480EA3D1E357E0900C5D9BD /* Base */,
			);
			name = LaunchScreen.storyboard;
			sourceTree = "<group>";
		};
/* End PBXVariantGroup section */

/* Begin XCBuildConfiguration section */
		0480EA401E357E0900C5D9BD /* Debug */ = {
			isa = XCBuildConfiguration;
			buildSettings = {
				ALWAYS_SEARCH_USER_PATHS = NO;
				CLANG_ANALYZER_NONNULL = YES;
				CLANG_CXX_LANGUAGE_STANDARD = "gnu++0x";
				CLANG_CXX_LIBRARY = "libc++";
				CLANG_ENABLE_MODULES = YES;
				CLANG_ENABLE_OBJC_ARC = YES;
				CLANG_WARN_BOOL_CONVERSION = YES;
				CLANG_WARN_CONSTANT_CONVERSION = YES;
				CLANG_WARN_DIRECT_OBJC_ISA_USAGE = YES_ERROR;
				CLANG_WARN_DOCUMENTATION_COMMENTS = YES;
				CLANG_WARN_EMPTY_BODY = YES;
				CLANG_WARN_ENUM_CONVERSION = YES;
				CLANG_WARN_INFINITE_RECURSION = YES;
				CLANG_WARN_INT_CONVERSION = YES;
				CLANG_WARN_OBJC_ROOT_CLASS = YES_ERROR;
				CLANG_WARN_SUSPICIOUS_MOVE = YES;
				CLANG_WARN_UNREACHABLE_CODE = YES;
				CLANG_WARN__DUPLICATE_METHOD_MATCH = YES;
				"CODE_SIGN_IDENTITY[sdk=iphoneos*]" = "iPhone Developer";
				COPY_PHASE_STRIP = NO;
				DEBUG_INFORMATION_FORMAT = dwarf;
				ENABLE_STRICT_OBJC_MSGSEND = YES;
				ENABLE_TESTABILITY = YES;
				GCC_C_LANGUAGE_STANDARD = gnu99;
				GCC_DYNAMIC_NO_PIC = NO;
				GCC_NO_COMMON_BLOCKS = YES;
				GCC_OPTIMIZATION_LEVEL = 0;
				GCC_PREPROCESSOR_DEFINITIONS = (
					"DEBUG=1",
					"$(inherited)",
				);
				GCC_WARN_64_TO_32_BIT_CONVERSION = YES;
				GCC_WARN_ABOUT_RETURN_TYPE = YES_ERROR;
				GCC_WARN_UNDECLARED_SELECTOR = YES;
				GCC_WARN_UNINITIALIZED_AUTOS = YES_AGGRESSIVE;
				GCC_WARN_UNUSED_FUNCTION = YES;
				GCC_WARN_UNUSED_VARIABLE = YES;
				IPHONEOS_DEPLOYMENT_TARGET = 10.2;
				MTL_ENABLE_DEBUG_INFO = YES;
				ONLY_ACTIVE_ARCH = YES;
				SDKROOT = iphoneos;
				SWIFT_ACTIVE_COMPILATION_CONDITIONS = DEBUG;
				SWIFT_OPTIMIZATION_LEVEL = "-Onone";
				TARGETED_DEVICE_FAMILY = "1,2";
			};
			name = Debug;
		};
		0480EA411E357E0900C5D9BD /* Release */ = {
			isa = XCBuildConfiguration;
			buildSettings = {
				ALWAYS_SEARCH_USER_PATHS = NO;
				CLANG_ANALYZER_NONNULL = YES;
				CLANG_CXX_LANGUAGE_STANDARD = "gnu++0x";
				CLANG_CXX_LIBRARY = "libc++";
				CLANG_ENABLE_MODULES = YES;
				CLANG_ENABLE_OBJC_ARC = YES;
				CLANG_WARN_BOOL_CONVERSION = YES;
				CLANG_WARN_CONSTANT_CONVERSION = YES;
				CLANG_WARN_DIRECT_OBJC_ISA_USAGE = YES_ERROR;
				CLANG_WARN_DOCUMENTATION_COMMENTS = YES;
				CLANG_WARN_EMPTY_BODY = YES;
				CLANG_WARN_ENUM_CONVERSION = YES;
				CLANG_WARN_INFINITE_RECURSION = YES;
				CLANG_WARN_INT_CONVERSION = YES;
				CLANG_WARN_OBJC_ROOT_CLASS = YES_ERROR;
				CLANG_WARN_SUSPICIOUS_MOVE = YES;
				CLANG_WARN_UNREACHABLE_CODE = YES;
				CLANG_WARN__DUPLICATE_METHOD_MATCH = YES;
				"CODE_SIGN_IDENTITY[sdk=iphoneos*]" = "iPhone Developer";
				COPY_PHASE_STRIP = NO;
				DEBUG_INFORMATION_FORMAT = "dwarf-with-dsym";
				ENABLE_NS_ASSERTIONS = NO;
				ENABLE_STRICT_OBJC_MSGSEND = YES;
				GCC_C_LANGUAGE_STANDARD = gnu99;
				GCC_NO_COMMON_BLOCKS = YES;
				GCC_WARN_64_TO_32_BIT_CONVERSION = YES;
				GCC_WARN_ABOUT_RETURN_TYPE = YES_ERROR;
				GCC_WARN_UNDECLARED_SELECTOR = YES;
				GCC_WARN_UNINITIALIZED_AUTOS = YES_AGGRESSIVE;
				GCC_WARN_UNUSED_FUNCTION = YES;
				GCC_WARN_UNUSED_VARIABLE = YES;
				IPHONEOS_DEPLOYMENT_TARGET = 10.2;
				MTL_ENABLE_DEBUG_INFO = NO;
				SDKROOT = iphoneos;
				SWIFT_OPTIMIZATION_LEVEL = "-Owholemodule";
				TARGETED_DEVICE_FAMILY = "1,2";
				VALIDATE_PRODUCT = YES;
			};
			name = Release;
		};
		0480EA431E357E0900C5D9BD /* Debug */ = {
			isa = XCBuildConfiguration;
			baseConfigurationReference = 5AA6098364EC815F4491B7DC /* Pods-Pokedex.debug.xcconfig */;
			buildSettings = {
				ASSETCATALOG_COMPILER_APPICON_NAME = AppIcon;
				DEVELOPMENT_TEAM = V9669RC3VN;
				INFOPLIST_FILE = Pokedex/Info.plist;
				LD_RUNPATH_SEARCH_PATHS = "$(inherited) @executable_path/Frameworks";
				PRODUCT_BUNDLE_IDENTIFIER = com.devhurricane.Pokedex;
				PRODUCT_NAME = "$(TARGET_NAME)";
				SWIFT_VERSION = 3.0;
			};
			name = Debug;
		};
		0480EA441E357E0900C5D9BD /* Release */ = {
			isa = XCBuildConfiguration;
			baseConfigurationReference = F5B61A12D1868322B4749572 /* Pods-Pokedex.release.xcconfig */;
			buildSettings = {
				ASSETCATALOG_COMPILER_APPICON_NAME = AppIcon;
				DEVELOPMENT_TEAM = V9669RC3VN;
				INFOPLIST_FILE = Pokedex/Info.plist;
				LD_RUNPATH_SEARCH_PATHS = "$(inherited) @executable_path/Frameworks";
				PRODUCT_BUNDLE_IDENTIFIER = com.devhurricane.Pokedex;
				PRODUCT_NAME = "$(TARGET_NAME)";
				SWIFT_VERSION = 3.0;
			};
			name = Release;
		};
/* End XCBuildConfiguration section */

/* Begin XCConfigurationList section */
		0480EA2B1E357E0900C5D9BD /* Build configuration list for PBXProject "Pokedex" */ = {
			isa = XCConfigurationList;
			buildConfigurations = (
				0480EA401E357E0900C5D9BD /* Debug */,
				0480EA411E357E0900C5D9BD /* Release */,
			);
			defaultConfigurationIsVisible = 0;
			defaultConfigurationName = Release;
		};
		0480EA421E357E0900C5D9BD /* Build configuration list for PBXNativeTarget "Pokedex" */ = {
			isa = XCConfigurationList;
			buildConfigurations = (
				0480EA431E357E0900C5D9BD /* Debug */,
				0480EA441E357E0900C5D9BD /* Release */,
			);
			defaultConfigurationIsVisible = 0;
			defaultConfigurationName = Release;
		};
/* End XCConfigurationList section */
	};
	rootObject = 0480EA281E357E0900C5D9BD /* Project object */;
}
